// !$*UTF8*$!
{
	archiveVersion = 1;
	classes = {
	};
	objectVersion = 46;
	objects = {

/* Begin PBXBuildFile section */
		1FC8F5D91AF7E3FB00CA2AC0 /* main.m in Sources */ = {isa = PBXBuildFile; fileRef = 1FC8F5D81AF7E3FB00CA2AC0 /* main.m */; };
		1FC8F5DC1AF7E3FB00CA2AC0 /* AppDelegate.m in Sources */ = {isa = PBXBuildFile; fileRef = 1FC8F5DB1AF7E3FB00CA2AC0 /* AppDelegate.m */; };
		1FC8F5DF1AF7E3FB00CA2AC0 /* ViewController.m in Sources */ = {isa = PBXBuildFile; fileRef = 1FC8F5DE1AF7E3FB00CA2AC0 /* ViewController.m */; };
		1FC8F5E21AF7E3FB00CA2AC0 /* Main.storyboard in Resources */ = {isa = PBXBuildFile; fileRef = 1FC8F5E01AF7E3FB00CA2AC0 /* Main.storyboard */; };
		1FC8F5E41AF7E3FB00CA2AC0 /* Images.xcassets in Resources */ = {isa = PBXBuildFile; fileRef = 1FC8F5E31AF7E3FB00CA2AC0 /* Images.xcassets */; };
		1FC8F5E71AF7E3FB00CA2AC0 /* LaunchScreen.xib in Resources */ = {isa = PBXBuildFile; fileRef = 1FC8F5E51AF7E3FB00CA2AC0 /* LaunchScreen.xib */; };
		1FC8F5F31AF7E3FB00CA2AC0 /* AFNetworkingTestDemoTests.m in Sources */ = {isa = PBXBuildFile; fileRef = 1FC8F5F21AF7E3FB00CA2AC0 /* AFNetworkingTestDemoTests.m */; };
		1FD67F271AF8C53500B05A1F /* AFHTTPRequestOperation.m in Sources */ = {isa = PBXBuildFile; fileRef = 1FD67F031AF8C53400B05A1F /* AFHTTPRequestOperation.m */; };
		1FD67F281AF8C53500B05A1F /* AFHTTPRequestOperationManager.m in Sources */ = {isa = PBXBuildFile; fileRef = 1FD67F051AF8C53400B05A1F /* AFHTTPRequestOperationManager.m */; };
		1FD67F291AF8C53500B05A1F /* AFHTTPSessionManager.m in Sources */ = {isa = PBXBuildFile; fileRef = 1FD67F071AF8C53400B05A1F /* AFHTTPSessionManager.m */; };
		1FD67F2A1AF8C53500B05A1F /* AFNetworkReachabilityManager.m in Sources */ = {isa = PBXBuildFile; fileRef = 1FD67F0A1AF8C53400B05A1F /* AFNetworkReachabilityManager.m */; };
		1FD67F2B1AF8C53500B05A1F /* AFSecurityPolicy.m in Sources */ = {isa = PBXBuildFile; fileRef = 1FD67F0C1AF8C53400B05A1F /* AFSecurityPolicy.m */; };
		1FD67F2C1AF8C53500B05A1F /* AFURLConnectionOperation.m in Sources */ = {isa = PBXBuildFile; fileRef = 1FD67F0E1AF8C53400B05A1F /* AFURLConnectionOperation.m */; };
		1FD67F2D1AF8C53500B05A1F /* AFURLRequestSerialization.m in Sources */ = {isa = PBXBuildFile; fileRef = 1FD67F101AF8C53400B05A1F /* AFURLRequestSerialization.m */; };
		1FD67F2E1AF8C53500B05A1F /* AFURLResponseSerialization.m in Sources */ = {isa = PBXBuildFile; fileRef = 1FD67F121AF8C53400B05A1F /* AFURLResponseSerialization.m */; };
		1FD67F2F1AF8C53500B05A1F /* AFURLSessionManager.m in Sources */ = {isa = PBXBuildFile; fileRef = 1FD67F141AF8C53400B05A1F /* AFURLSessionManager.m */; };
		1FD67F301AF8C53500B05A1F /* AFNetworkActivityIndicatorManager.m in Sources */ = {isa = PBXBuildFile; fileRef = 1FD67F171AF8C53400B05A1F /* AFNetworkActivityIndicatorManager.m */; };
		1FD67F311AF8C53500B05A1F /* UIActivityIndicatorView+AFNetworking.m in Sources */ = {isa = PBXBuildFile; fileRef = 1FD67F191AF8C53500B05A1F /* UIActivityIndicatorView+AFNetworking.m */; };
		1FD67F321AF8C53500B05A1F /* UIAlertView+AFNetworking.m in Sources */ = {isa = PBXBuildFile; fileRef = 1FD67F1B1AF8C53500B05A1F /* UIAlertView+AFNetworking.m */; };
		1FD67F331AF8C53500B05A1F /* UIButton+AFNetworking.m in Sources */ = {isa = PBXBuildFile; fileRef = 1FD67F1D1AF8C53500B05A1F /* UIButton+AFNetworking.m */; };
		1FD67F341AF8C53500B05A1F /* UIImageView+AFNetworking.m in Sources */ = {isa = PBXBuildFile; fileRef = 1FD67F1F1AF8C53500B05A1F /* UIImageView+AFNetworking.m */; };
		1FD67F351AF8C53500B05A1F /* UIProgressView+AFNetworking.m in Sources */ = {isa = PBXBuildFile; fileRef = 1FD67F221AF8C53500B05A1F /* UIProgressView+AFNetworking.m */; };
		1FD67F361AF8C53500B05A1F /* UIRefreshControl+AFNetworking.m in Sources */ = {isa = PBXBuildFile; fileRef = 1FD67F241AF8C53500B05A1F /* UIRefreshControl+AFNetworking.m */; };
		1FD67F371AF8C53500B05A1F /* UIWebView+AFNetworking.m in Sources */ = {isa = PBXBuildFile; fileRef = 1FD67F261AF8C53500B05A1F /* UIWebView+AFNetworking.m */; };
/* End PBXBuildFile section */

/* Begin PBXContainerItemProxy section */
		1FC8F5ED1AF7E3FB00CA2AC0 /* PBXContainerItemProxy */ = {
			isa = PBXContainerItemProxy;
			containerPortal = 1FC8F5CB1AF7E3FB00CA2AC0 /* Project object */;
			proxyType = 1;
			remoteGlobalIDString = 1FC8F5D21AF7E3FB00CA2AC0;
			remoteInfo = AFNetworkingTestDemo;
		};
/* End PBXContainerItemProxy section */

/* Begin PBXFileReference section */
		1FC8F5D31AF7E3FB00CA2AC0 /* AFNetworkingTestDemo.app */ = {isa = PBXFileReference; explicitFileType = wrapper.application; includeInIndex = 0; path = AFNetworkingTestDemo.app; sourceTree = BUILT_PRODUCTS_DIR; };
		1FC8F5D71AF7E3FB00CA2AC0 /* Info.plist */ = {isa = PBXFileReference; lastKnownFileType = text.plist.xml; path = Info.plist; sourceTree = "<group>"; };
		1FC8F5D81AF7E3FB00CA2AC0 /* main.m */ = {isa = PBXFileReference; lastKnownFileType = sourcecode.c.objc; path = main.m; sourceTree = "<group>"; };
		1FC8F5DA1AF7E3FB00CA2AC0 /* AppDelegate.h */ = {isa = PBXFileReference; lastKnownFileType = sourcecode.c.h; path = AppDelegate.h; sourceTree = "<group>"; };
		1FC8F5DB1AF7E3FB00CA2AC0 /* AppDelegate.m */ = {isa = PBXFileReference; lastKnownFileType = sourcecode.c.objc; path = AppDelegate.m; sourceTree = "<group>"; };
		1FC8F5DD1AF7E3FB00CA2AC0 /* ViewController.h */ = {isa = PBXFileReference; lastKnownFileType = sourcecode.c.h; path = ViewController.h; sourceTree = "<group>"; };
		1FC8F5DE1AF7E3FB00CA2AC0 /* ViewController.m */ = {isa = PBXFileReference; lastKnownFileType = sourcecode.c.objc; path = ViewController.m; sourceTree = "<group>"; };
		1FC8F5E11AF7E3FB00CA2AC0 /* Base */ = {isa = PBXFileReference; lastKnownFileType = file.storyboard; name = Base; path = Base.lproj/Main.storyboard; sourceTree = "<group>"; };
		1FC8F5E31AF7E3FB00CA2AC0 /* Images.xcassets */ = {isa = PBXFileReference; lastKnownFileType = folder.assetcatalog; path = Images.xcassets; sourceTree = "<group>"; };
		1FC8F5E61AF7E3FB00CA2AC0 /* Base */ = {isa = PBXFileReference; lastKnownFileType = file.xib; name = Base; path = Base.lproj/LaunchScreen.xib; sourceTree = "<group>"; };
		1FC8F5EC1AF7E3FB00CA2AC0 /* AFNetworkingTestDemoTests.xctest */ = {isa = PBXFileReference; explicitFileType = wrapper.cfbundle; includeInIndex = 0; path = AFNetworkingTestDemoTests.xctest; sourceTree = BUILT_PRODUCTS_DIR; };
		1FC8F5F11AF7E3FB00CA2AC0 /* Info.plist */ = {isa = PBXFileReference; lastKnownFileType = text.plist.xml; path = Info.plist; sourceTree = "<group>"; };
		1FC8F5F21AF7E3FB00CA2AC0 /* AFNetworkingTestDemoTests.m */ = {isa = PBXFileReference; lastKnownFileType = sourcecode.c.objc; path = AFNetworkingTestDemoTests.m; sourceTree = "<group>"; };
		1FD67F021AF8C53400B05A1F /* AFHTTPRequestOperation.h */ = {isa = PBXFileReference; fileEncoding = 4; lastKnownFileType = sourcecode.c.h; path = AFHTTPRequestOperation.h; sourceTree = "<group>"; };
		1FD67F031AF8C53400B05A1F /* AFHTTPRequestOperation.m */ = {isa = PBXFileReference; fileEncoding = 4; lastKnownFileType = sourcecode.c.objc; path = AFHTTPRequestOperation.m; sourceTree = "<group>"; };
		1FD67F041AF8C53400B05A1F /* AFHTTPRequestOperationManager.h */ = {isa = PBXFileReference; fileEncoding = 4; lastKnownFileType = sourcecode.c.h; path = AFHTTPRequestOperationManager.h; sourceTree = "<group>"; };
		1FD67F051AF8C53400B05A1F /* AFHTTPRequestOperationManager.m */ = {isa = PBXFileReference; fileEncoding = 4; lastKnownFileType = sourcecode.c.objc; path = AFHTTPRequestOperationManager.m; sourceTree = "<group>"; };
		1FD67F061AF8C53400B05A1F /* AFHTTPSessionManager.h */ = {isa = PBXFileReference; fileEncoding = 4; lastKnownFileType = sourcecode.c.h; path = AFHTTPSessionManager.h; sourceTree = "<group>"; };
		1FD67F071AF8C53400B05A1F /* AFHTTPSessionManager.m */ = {isa = PBXFileReference; fileEncoding = 4; lastKnownFileType = sourcecode.c.objc; path = AFHTTPSessionManager.m; sourceTree = "<group>"; };
		1FD67F081AF8C53400B05A1F /* AFNetworking.h */ = {isa = PBXFileReference; fileEncoding = 4; lastKnownFileType = sourcecode.c.h; path = AFNetworking.h; sourceTree = "<group>"; };
		1FD67F091AF8C53400B05A1F /* AFNetworkReachabilityManager.h */ = {isa = PBXFileReference; fileEncoding = 4; lastKnownFileType = sourcecode.c.h; path = AFNetworkReachabilityManager.h; sourceTree = "<group>"; };
		1FD67F0A1AF8C53400B05A1F /* AFNetworkReachabilityManager.m */ = {isa = PBXFileReference; fileEncoding = 4; lastKnownFileType = sourcecode.c.objc; path = AFNetworkReachabilityManager.m; sourceTree = "<group>"; };
		1FD67F0B1AF8C53400B05A1F /* AFSecurityPolicy.h */ = {isa = PBXFileReference; fileEncoding = 4; lastKnownFileType = sourcecode.c.h; path = AFSecurityPolicy.h; sourceTree = "<group>"; };
		1FD67F0C1AF8C53400B05A1F /* AFSecurityPolicy.m */ = {isa = PBXFileReference; fileEncoding = 4; lastKnownFileType = sourcecode.c.objc; path = AFSecurityPolicy.m; sourceTree = "<group>"; };
		1FD67F0D1AF8C53400B05A1F /* AFURLConnectionOperation.h */ = {isa = PBXFileReference; fileEncoding = 4; lastKnownFileType = sourcecode.c.h; path = AFURLConnectionOperation.h; sourceTree = "<group>"; };
		1FD67F0E1AF8C53400B05A1F /* AFURLConnectionOperation.m */ = {isa = PBXFileReference; fileEncoding = 4; lastKnownFileType = sourcecode.c.objc; path = AFURLConnectionOperation.m; sourceTree = "<group>"; };
		1FD67F0F1AF8C53400B05A1F /* AFURLRequestSerialization.h */ = {isa = PBXFileReference; fileEncoding = 4; lastKnownFileType = sourcecode.c.h; path = AFURLRequestSerialization.h; sourceTree = "<group>"; };
		1FD67F101AF8C53400B05A1F /* AFURLRequestSerialization.m */ = {isa = PBXFileReference; fileEncoding = 4; lastKnownFileType = sourcecode.c.objc; path = AFURLRequestSerialization.m; sourceTree = "<group>"; };
		1FD67F111AF8C53400B05A1F /* AFURLResponseSerialization.h */ = {isa = PBXFileReference; fileEncoding = 4; lastKnownFileType = sourcecode.c.h; path = AFURLResponseSerialization.h; sourceTree = "<group>"; };
		1FD67F121AF8C53400B05A1F /* AFURLResponseSerialization.m */ = {isa = PBXFileReference; fileEncoding = 4; lastKnownFileType = sourcecode.c.objc; path = AFURLResponseSerialization.m; sourceTree = "<group>"; };
		1FD67F131AF8C53400B05A1F /* AFURLSessionManager.h */ = {isa = PBXFileReference; fileEncoding = 4; lastKnownFileType = sourcecode.c.h; path = AFURLSessionManager.h; sourceTree = "<group>"; };
		1FD67F141AF8C53400B05A1F /* AFURLSessionManager.m */ = {isa = PBXFileReference; fileEncoding = 4; lastKnownFileType = sourcecode.c.objc; path = AFURLSessionManager.m; sourceTree = "<group>"; };
		1FD67F161AF8C53400B05A1F /* AFNetworkActivityIndicatorManager.h */ = {isa = PBXFileReference; fileEncoding = 4; lastKnownFileType = sourcecode.c.h; path = AFNetworkActivityIndicatorManager.h; sourceTree = "<group>"; };
		1FD67F171AF8C53400B05A1F /* AFNetworkActivityIndicatorManager.m */ = {isa = PBXFileReference; fileEncoding = 4; lastKnownFileType = sourcecode.c.objc; path = AFNetworkActivityIndicatorManager.m; sourceTree = "<group>"; };
		1FD67F181AF8C53400B05A1F /* UIActivityIndicatorView+AFNetworking.h */ = {isa = PBXFileReference; fileEncoding = 4; lastKnownFileType = sourcecode.c.h; path = "UIActivityIndicatorView+AFNetworking.h"; sourceTree = "<group>"; };
		1FD67F191AF8C53500B05A1F /* UIActivityIndicatorView+AFNetworking.m */ = {isa = PBXFileReference; fileEncoding = 4; lastKnownFileType = sourcecode.c.objc; path = "UIActivityIndicatorView+AFNetworking.m"; sourceTree = "<group>"; };
		1FD67F1A1AF8C53500B05A1F /* UIAlertView+AFNetworking.h */ = {isa = PBXFileReference; fileEncoding = 4; lastKnownFileType = sourcecode.c.h; path = "UIAlertView+AFNetworking.h"; sourceTree = "<group>"; };
		1FD67F1B1AF8C53500B05A1F /* UIAlertView+AFNetworking.m */ = {isa = PBXFileReference; fileEncoding = 4; lastKnownFileType = sourcecode.c.objc; path = "UIAlertView+AFNetworking.m"; sourceTree = "<group>"; };
		1FD67F1C1AF8C53500B05A1F /* UIButton+AFNetworking.h */ = {isa = PBXFileReference; fileEncoding = 4; lastKnownFileType = sourcecode.c.h; path = "UIButton+AFNetworking.h"; sourceTree = "<group>"; };
		1FD67F1D1AF8C53500B05A1F /* UIButton+AFNetworking.m */ = {isa = PBXFileReference; fileEncoding = 4; lastKnownFileType = sourcecode.c.objc; path = "UIButton+AFNetworking.m"; sourceTree = "<group>"; };
		1FD67F1E1AF8C53500B05A1F /* UIImageView+AFNetworking.h */ = {isa = PBXFileReference; fileEncoding = 4; lastKnownFileType = sourcecode.c.h; path = "UIImageView+AFNetworking.h"; sourceTree = "<group>"; };
		1FD67F1F1AF8C53500B05A1F /* UIImageView+AFNetworking.m */ = {isa = PBXFileReference; fileEncoding = 4; lastKnownFileType = sourcecode.c.objc; path = "UIImageView+AFNetworking.m"; sourceTree = "<group>"; };
		1FD67F201AF8C53500B05A1F /* UIKit+AFNetworking.h */ = {isa = PBXFileReference; fileEncoding = 4; lastKnownFileType = sourcecode.c.h; path = "UIKit+AFNetworking.h"; sourceTree = "<group>"; };
		1FD67F211AF8C53500B05A1F /* UIProgressView+AFNetworking.h */ = {isa = PBXFileReference; fileEncoding = 4; lastKnownFileType = sourcecode.c.h; path = "UIProgressView+AFNetworking.h"; sourceTree = "<group>"; };
		1FD67F221AF8C53500B05A1F /* UIProgressView+AFNetworking.m */ = {isa = PBXFileReference; fileEncoding = 4; lastKnownFileType = sourcecode.c.objc; path = "UIProgressView+AFNetworking.m"; sourceTree = "<group>"; };
		1FD67F231AF8C53500B05A1F /* UIRefreshControl+AFNetworking.h */ = {isa = PBXFileReference; fileEncoding = 4; lastKnownFileType = sourcecode.c.h; path = "UIRefreshControl+AFNetworking.h"; sourceTree = "<group>"; };
		1FD67F241AF8C53500B05A1F /* UIRefreshControl+AFNetworking.m */ = {isa = PBXFileReference; fileEncoding = 4; lastKnownFileType = sourcecode.c.objc; path = "UIRefreshControl+AFNetworking.m"; sourceTree = "<group>"; };
		1FD67F251AF8C53500B05A1F /* UIWebView+AFNetworking.h */ = {isa = PBXFileReference; fileEncoding = 4; lastKnownFileType = sourcecode.c.h; path = "UIWebView+AFNetworking.h"; sourceTree = "<group>"; };
		1FD67F261AF8C53500B05A1F /* UIWebView+AFNetworking.m */ = {isa = PBXFileReference; fileEncoding = 4; lastKnownFileType = sourcecode.c.objc; path = "UIWebView+AFNetworking.m"; sourceTree = "<group>"; };
/* End PBXFileReference section */

/* Begin PBXFrameworksBuildPhase section */
		1FC8F5D01AF7E3FB00CA2AC0 /* Frameworks */ = {
			isa = PBXFrameworksBuildPhase;
			buildActionMask = 2147483647;
			files = (
			);
			runOnlyForDeploymentPostprocessing = 0;
		};
		1FC8F5E91AF7E3FB00CA2AC0 /* Frameworks */ = {
			isa = PBXFrameworksBuildPhase;
			buildActionMask = 2147483647;
			files = (
			);
			runOnlyForDeploymentPostprocessing = 0;
		};
/* End PBXFrameworksBuildPhase section */

/* Begin PBXGroup section */
		1FC8F5CA1AF7E3FB00CA2AC0 = {
			isa = PBXGroup;
			children = (
				1FC8F5D51AF7E3FB00CA2AC0 /* AFNetworkingTestDemo */,
				1FC8F5EF1AF7E3FB00CA2AC0 /* AFNetworkingTestDemoTests */,
				1FC8F5D41AF7E3FB00CA2AC0 /* Products */,
			);
			sourceTree = "<group>";
		};
		1FC8F5D41AF7E3FB00CA2AC0 /* Products */ = {
			isa = PBXGroup;
			children = (
				1FC8F5D31AF7E3FB00CA2AC0 /* AFNetworkingTestDemo.app */,
				1FC8F5EC1AF7E3FB00CA2AC0 /* AFNetworkingTestDemoTests.xctest */,
			);
			name = Products;
			sourceTree = "<group>";
		};
		1FC8F5D51AF7E3FB00CA2AC0 /* AFNetworkingTestDemo */ = {
			isa = PBXGroup;
			children = (
				1FD67F001AF8C53400B05A1F /* Vender */,
				1FC8F5DA1AF7E3FB00CA2AC0 /* AppDelegate.h */,
				1FC8F5DB1AF7E3FB00CA2AC0 /* AppDelegate.m */,
				1FC8F5DD1AF7E3FB00CA2AC0 /* ViewController.h */,
				1FC8F5DE1AF7E3FB00CA2AC0 /* ViewController.m */,
				1FC8F5E01AF7E3FB00CA2AC0 /* Main.storyboard */,
				1FC8F5E31AF7E3FB00CA2AC0 /* Images.xcassets */,
				1FC8F5E51AF7E3FB00CA2AC0 /* LaunchScreen.xib */,
				1FC8F5D61AF7E3FB00CA2AC0 /* Supporting Files */,
			);
			path = AFNetworkingTestDemo;
			sourceTree = "<group>";
		};
		1FC8F5D61AF7E3FB00CA2AC0 /* Supporting Files */ = {
			isa = PBXGroup;
			children = (
				1FC8F5D71AF7E3FB00CA2AC0 /* Info.plist */,
				1FC8F5D81AF7E3FB00CA2AC0 /* main.m */,
			);
			name = "Supporting Files";
			sourceTree = "<group>";
		};
		1FC8F5EF1AF7E3FB00CA2AC0 /* AFNetworkingTestDemoTests */ = {
			isa = PBXGroup;
			children = (
				1FC8F5F21AF7E3FB00CA2AC0 /* AFNetworkingTestDemoTests.m */,
				1FC8F5F01AF7E3FB00CA2AC0 /* Supporting Files */,
			);
			path = AFNetworkingTestDemoTests;
			sourceTree = "<group>";
		};
		1FC8F5F01AF7E3FB00CA2AC0 /* Supporting Files */ = {
			isa = PBXGroup;
			children = (
				1FC8F5F11AF7E3FB00CA2AC0 /* Info.plist */,
			);
			name = "Supporting Files";
			sourceTree = "<group>";
		};
		1FD67F001AF8C53400B05A1F /* Vender */ = {
			isa = PBXGroup;
			children = (
				1FD67F011AF8C53400B05A1F /* AFNetworking */,
				1FD67F151AF8C53400B05A1F /* UIKit+AFNetworking */,
			);
			path = Vender;
			sourceTree = SOURCE_ROOT;
		};
		1FD67F011AF8C53400B05A1F /* AFNetworking */ = {
			isa = PBXGroup;
			children = (
				1FD67F021AF8C53400B05A1F /* AFHTTPRequestOperation.h */,
				1FD67F031AF8C53400B05A1F /* AFHTTPRequestOperation.m */,
				1FD67F041AF8C53400B05A1F /* AFHTTPRequestOperationManager.h */,
				1FD67F051AF8C53400B05A1F /* AFHTTPRequestOperationManager.m */,
				1FD67F061AF8C53400B05A1F /* AFHTTPSessionManager.h */,
				1FD67F071AF8C53400B05A1F /* AFHTTPSessionManager.m */,
				1FD67F081AF8C53400B05A1F /* AFNetworking.h */,
				1FD67F091AF8C53400B05A1F /* AFNetworkReachabilityManager.h */,
				1FD67F0A1AF8C53400B05A1F /* AFNetworkReachabilityManager.m */,
				1FD67F0B1AF8C53400B05A1F /* AFSecurityPolicy.h */,
				1FD67F0C1AF8C53400B05A1F /* AFSecurityPolicy.m */,
				1FD67F0D1AF8C53400B05A1F /* AFURLConnectionOperation.h */,
				1FD67F0E1AF8C53400B05A1F /* AFURLConnectionOperation.m */,
				1FD67F0F1AF8C53400B05A1F /* AFURLRequestSerialization.h */,
				1FD67F101AF8C53400B05A1F /* AFURLRequestSerialization.m */,
				1FD67F111AF8C53400B05A1F /* AFURLResponseSerialization.h */,
				1FD67F121AF8C53400B05A1F /* AFURLResponseSerialization.m */,
				1FD67F131AF8C53400B05A1F /* AFURLSessionManager.h */,
				1FD67F141AF8C53400B05A1F /* AFURLSessionManager.m */,
			);
			path = AFNetworking;
			sourceTree = "<group>";
		};
		1FD67F151AF8C53400B05A1F /* UIKit+AFNetworking */ = {
			isa = PBXGroup;
			children = (
				1FD67F161AF8C53400B05A1F /* AFNetworkActivityIndicatorManager.h */,
				1FD67F171AF8C53400B05A1F /* AFNetworkActivityIndicatorManager.m */,
				1FD67F181AF8C53400B05A1F /* UIActivityIndicatorView+AFNetworking.h */,
				1FD67F191AF8C53500B05A1F /* UIActivityIndicatorView+AFNetworking.m */,
				1FD67F1A1AF8C53500B05A1F /* UIAlertView+AFNetworking.h */,
				1FD67F1B1AF8C53500B05A1F /* UIAlertView+AFNetworking.m */,
				1FD67F1C1AF8C53500B05A1F /* UIButton+AFNetworking.h */,
				1FD67F1D1AF8C53500B05A1F /* UIButton+AFNetworking.m */,
				1FD67F1E1AF8C53500B05A1F /* UIImageView+AFNetworking.h */,
				1FD67F1F1AF8C53500B05A1F /* UIImageView+AFNetworking.m */,
				1FD67F201AF8C53500B05A1F /* UIKit+AFNetworking.h */,
				1FD67F211AF8C53500B05A1F /* UIProgressView+AFNetworking.h */,
				1FD67F221AF8C53500B05A1F /* UIProgressView+AFNetworking.m */,
				1FD67F231AF8C53500B05A1F /* UIRefreshControl+AFNetworking.h */,
				1FD67F241AF8C53500B05A1F /* UIRefreshControl+AFNetworking.m */,
				1FD67F251AF8C53500B05A1F /* UIWebView+AFNetworking.h */,
				1FD67F261AF8C53500B05A1F /* UIWebView+AFNetworking.m */,
			);
			path = "UIKit+AFNetworking";
			sourceTree = "<group>";
		};
/* End PBXGroup section */

/* Begin PBXNativeTarget section */
		1FC8F5D21AF7E3FB00CA2AC0 /* AFNetworkingTestDemo */ = {
			isa = PBXNativeTarget;
			buildConfigurationList = 1FC8F5F61AF7E3FB00CA2AC0 /* Build configuration list for PBXNativeTarget "AFNetworkingTestDemo" */;
			buildPhases = (
				1FC8F5CF1AF7E3FB00CA2AC0 /* Sources */,
				1FC8F5D01AF7E3FB00CA2AC0 /* Frameworks */,
				1FC8F5D11AF7E3FB00CA2AC0 /* Resources */,
			);
			buildRules = (
			);
			dependencies = (
			);
			name = AFNetworkingTestDemo;
			productName = AFNetworkingTestDemo;
			productReference = 1FC8F5D31AF7E3FB00CA2AC0 /* AFNetworkingTestDemo.app */;
			productType = "com.apple.product-type.application";
		};
		1FC8F5EB1AF7E3FB00CA2AC0 /* AFNetworkingTestDemoTests */ = {
			isa = PBXNativeTarget;
			buildConfigurationList = 1FC8F5F91AF7E3FB00CA2AC0 /* Build configuration list for PBXNativeTarget "AFNetworkingTestDemoTests" */;
			buildPhases = (
				1FC8F5E81AF7E3FB00CA2AC0 /* Sources */,
				1FC8F5E91AF7E3FB00CA2AC0 /* Frameworks */,
				1FC8F5EA1AF7E3FB00CA2AC0 /* Resources */,
			);
			buildRules = (
			);
			dependencies = (
				1FC8F5EE1AF7E3FB00CA2AC0 /* PBXTargetDependency */,
			);
			name = AFNetworkingTestDemoTests;
			productName = AFNetworkingTestDemoTests;
			productReference = 1FC8F5EC1AF7E3FB00CA2AC0 /* AFNetworkingTestDemoTests.xctest */;
			productType = "com.apple.product-type.bundle.unit-test";
		};
/* End PBXNativeTarget section */

/* Begin PBXProject section */
		1FC8F5CB1AF7E3FB00CA2AC0 /* Project object */ = {
			isa = PBXProject;
			attributes = {
				LastUpgradeCheck = 0610;
				ORGANIZATIONNAME = "su xinde";
				TargetAttributes = {
					1FC8F5D21AF7E3FB00CA2AC0 = {
						CreatedOnToolsVersion = 6.1;
					};
					1FC8F5EB1AF7E3FB00CA2AC0 = {
						CreatedOnToolsVersion = 6.1;
						TestTargetID = 1FC8F5D21AF7E3FB00CA2AC0;
					};
				};
			};
			buildConfigurationList = 1FC8F5CE1AF7E3FB00CA2AC0 /* Build configuration list for PBXProject "AFNetworkingTestDemo" */;
			compatibilityVersion = "Xcode 3.2";
			developmentRegion = English;
			hasScannedForEncodings = 0;
			knownRegions = (
				en,
				Base,
			);
			mainGroup = 1FC8F5CA1AF7E3FB00CA2AC0;
			productRefGroup = 1FC8F5D41AF7E3FB00CA2AC0 /* Products */;
			projectDirPath = "";
			projectRoot = "";
			targets = (
				1FC8F5D21AF7E3FB00CA2AC0 /* AFNetworkingTestDemo */,
				1FC8F5EB1AF7E3FB00CA2AC0 /* AFNetworkingTestDemoTests */,
			);
		};
/* End PBXProject section */

/* Begin PBXResourcesBuildPhase section */
		1FC8F5D11AF7E3FB00CA2AC0 /* Resources */ = {
			isa = PBXResourcesBuildPhase;
			buildActionMask = 2147483647;
			files = (
				1FC8F5E21AF7E3FB00CA2AC0 /* Main.storyboard in Resources */,
				1FC8F5E71AF7E3FB00CA2AC0 /* LaunchScreen.xib in Resources */,
				1FC8F5E41AF7E3FB00CA2AC0 /* Images.xcassets in Resources */,
			);
			runOnlyForDeploymentPostprocessing = 0;
		};
		1FC8F5EA1AF7E3FB00CA2AC0 /* Resources */ = {
			isa = PBXResourcesBuildPhase;
			buildActionMask = 2147483647;
			files = (
			);
			runOnlyForDeploymentPostprocessing = 0;
		};
/* End PBXResourcesBuildPhase section */

/* Begin PBXSourcesBuildPhase section */
		1FC8F5CF1AF7E3FB00CA2AC0 /* Sources */ = {
			isa = PBXSourcesBuildPhase;
			buildActionMask = 2147483647;
			files = (
				1FD67F271AF8C53500B05A1F /* AFHTTPRequestOperation.m in Sources */,
				1FD67F341AF8C53500B05A1F /* UIImageView+AFNetworking.m in Sources */,
				1FC8F5DF1AF7E3FB00CA2AC0 /* ViewController.m in Sources */,
				1FD67F281AF8C53500B05A1F /* AFHTTPRequestOperationManager.m in Sources */,
				1FD67F351AF8C53500B05A1F /* UIProgressView+AFNetworking.m in Sources */,
				1FD67F2A1AF8C53500B05A1F /* AFNetworkReachabilityManager.m in Sources */,
				1FD67F2E1AF8C53500B05A1F /* AFURLResponseSerialization.m in Sources */,
				1FD67F2C1AF8C53500B05A1F /* AFURLConnectionOperation.m in Sources */,
				1FD67F331AF8C53500B05A1F /* UIButton+AFNetworking.m in Sources */,
				1FD67F311AF8C53500B05A1F /* UIActivityIndicatorView+AFNetworking.m in Sources */,
				1FD67F2B1AF8C53500B05A1F /* AFSecurityPolicy.m in Sources */,
				1FD67F361AF8C53500B05A1F /* UIRefreshControl+AFNetworking.m in Sources */,
				1FD67F371AF8C53500B05A1F /* UIWebView+AFNetworking.m in Sources */,
				1FD67F291AF8C53500B05A1F /* AFHTTPSessionManager.m in Sources */,
				1FD67F321AF8C53500B05A1F /* UIAlertView+AFNetworking.m in Sources */,
				1FD67F2D1AF8C53500B05A1F /* AFURLRequestSerialization.m in Sources */,
				1FD67F301AF8C53500B05A1F /* AFNetworkActivityIndicatorManager.m in Sources */,
				1FD67F2F1AF8C53500B05A1F /* AFURLSessionManager.m in Sources */,
				1FC8F5DC1AF7E3FB00CA2AC0 /* AppDelegate.m in Sources */,
				1FC8F5D91AF7E3FB00CA2AC0 /* main.m in Sources */,
			);
			runOnlyForDeploymentPostprocessing = 0;
		};
		1FC8F5E81AF7E3FB00CA2AC0 /* Sources */ = {
			isa = PBXSourcesBuildPhase;
			buildActionMask = 2147483647;
			files = (
				1FC8F5F31AF7E3FB00CA2AC0 /* AFNetworkingTestDemoTests.m in Sources */,
			);
			runOnlyForDeploymentPostprocessing = 0;
		};
/* End PBXSourcesBuildPhase section */

/* Begin PBXTargetDependency section */
		1FC8F5EE1AF7E3FB00CA2AC0 /* PBXTargetDependency */ = {
			isa = PBXTargetDependency;
			target = 1FC8F5D21AF7E3FB00CA2AC0 /* AFNetworkingTestDemo */;
			targetProxy = 1FC8F5ED1AF7E3FB00CA2AC0 /* PBXContainerItemProxy */;
		};
/* End PBXTargetDependency section */

/* Begin PBXVariantGroup section */
		1FC8F5E01AF7E3FB00CA2AC0 /* Main.storyboard */ = {
			isa = PBXVariantGroup;
			children = (
				1FC8F5E11AF7E3FB00CA2AC0 /* Base */,
			);
			name = Main.storyboard;
			sourceTree = "<group>";
		};
		1FC8F5E51AF7E3FB00CA2AC0 /* LaunchScreen.xib */ = {
			isa = PBXVariantGroup;
			children = (
				1FC8F5E61AF7E3FB00CA2AC0 /* Base */,
			);
			name = LaunchScreen.xib;
			sourceTree = "<group>";
		};
/* End PBXVariantGroup section */

/* Begin XCBuildConfiguration section */
		1FC8F5F41AF7E3FB00CA2AC0 /* Debug */ = {
			isa = XCBuildConfiguration;
			buildSettings = {
				ALWAYS_SEARCH_USER_PATHS = NO;
				CLANG_CXX_LANGUAGE_STANDARD = "gnu++0x";
				CLANG_CXX_LIBRARY = "libc++";
				CLANG_ENABLE_MODULES = YES;
				CLANG_ENABLE_OBJC_ARC = YES;
				CLANG_WARN_BOOL_CONVERSION = YES;
				CLANG_WARN_CONSTANT_CONVERSION = YES;
				CLANG_WARN_DIRECT_OBJC_ISA_USAGE = YES_ERROR;
				CLANG_WARN_EMPTY_BODY = YES;
				CLANG_WARN_ENUM_CONVERSION = YES;
				CLANG_WARN_INT_CONVERSION = YES;
				CLANG_WARN_OBJC_ROOT_CLASS = YES_ERROR;
				CLANG_WARN_UNREACHABLE_CODE = YES;
				CLANG_WARN__DUPLICATE_METHOD_MATCH = YES;
				"CODE_SIGN_IDENTITY[sdk=iphoneos*]" = "iPhone Developer";
				COPY_PHASE_STRIP = NO;
				ENABLE_STRICT_OBJC_MSGSEND = YES;
				GCC_C_LANGUAGE_STANDARD = gnu99;
				GCC_DYNAMIC_NO_PIC = NO;
				GCC_OPTIMIZATION_LEVEL = 0;
				GCC_PREPROCESSOR_DEFINITIONS = (
					"DEBUG=1",
					"$(inherited)",
				);
				GCC_SYMBOLS_PRIVATE_EXTERN = NO;
				GCC_WARN_64_TO_32_BIT_CONVERSION = YES;
				GCC_WARN_ABOUT_RETURN_TYPE = YES_ERROR;
				GCC_WARN_UNDECLARED_SELECTOR = YES;
				GCC_WARN_UNINITIALIZED_AUTOS = YES_AGGRESSIVE;
				GCC_WARN_UNUSED_FUNCTION = YES;
				GCC_WARN_UNUSED_VARIABLE = YES;
				IPHONEOS_DEPLOYMENT_TARGET = 8.1;
				MTL_ENABLE_DEBUG_INFO = YES;
				ONLY_ACTIVE_ARCH = YES;
				SDKROOT = iphoneos;
				TARGETED_DEVICE_FAMILY = "1,2";
			};
			name = Debug;
		};
		1FC8F5F51AF7E3FB00CA2AC0 /* Release */ = {
			isa = XCBuildConfiguration;
			buildSettings = {
				ALWAYS_SEARCH_USER_PATHS = NO;
				CLANG_CXX_LANGUAGE_STANDARD = "gnu++0x";
				CLANG_CXX_LIBRARY = "libc++";
				CLANG_ENABLE_MODULES = YES;
				CLANG_ENABLE_OBJC_ARC = YES;
				CLANG_WARN_BOOL_CONVERSION = YES;
				CLANG_WARN_CONSTANT_CONVERSION = YES;
				CLANG_WARN_DIRECT_OBJC_ISA_USAGE = YES_ERROR;
				CLANG_WARN_EMPTY_BODY = YES;
				CLANG_WARN_ENUM_CONVERSION = YES;
				CLANG_WARN_INT_CONVERSION = YES;
				CLANG_WARN_OBJC_ROOT_CLASS = YES_ERROR;
				CLANG_WARN_UNREACHABLE_CODE = YES;
				CLANG_WARN__DUPLICATE_METHOD_MATCH = YES;
				"CODE_SIGN_IDENTITY[sdk=iphoneos*]" = "iPhone Developer";
				COPY_PHASE_STRIP = YES;
				ENABLE_NS_ASSERTIONS = NO;
				ENABLE_STRICT_OBJC_MSGSEND = YES;
				GCC_C_LANGUAGE_STANDARD = gnu99;
				GCC_WARN_64_TO_32_BIT_CONVERSION = YES;
				GCC_WARN_ABOUT_RETURN_TYPE = YES_ERROR;
				GCC_WARN_UNDECLARED_SELECTOR = YES;
				GCC_WARN_UNINITIALIZED_AUTOS = YES_AGGRESSIVE;
				GCC_WARN_UNUSED_FUNCTION = YES;
				GCC_WARN_UNUSED_VARIABLE = YES;
				IPHONEOS_DEPLOYMENT_TARGET = 8.1;
				MTL_ENABLE_DEBUG_INFO = NO;
				SDKROOT = iphoneos;
				TARGETED_DEVICE_FAMILY = "1,2";
				VALIDATE_PRODUCT = YES;
			};
			name = Release;
		};
		1FC8F5F71AF7E3FB00CA2AC0 /* Debug */ = {
			isa = XCBuildConfiguration;
			buildSettings = {
				ASSETCATALOG_COMPILER_APPICON_NAME = AppIcon;
				INFOPLIST_FILE = AFNetworkingTestDemo/Info.plist;
				LD_RUNPATH_SEARCH_PATHS = "$(inherited) @executable_path/Frameworks";
				PRODUCT_NAME = "$(TARGET_NAME)";
			};
			name = Debug;
		};
		1FC8F5F81AF7E3FB00CA2AC0 /* Release */ = {
			isa = XCBuildConfiguration;
			buildSettings = {
				ASSETCATALOG_COMPILER_APPICON_NAME = AppIcon;
				INFOPLIST_FILE = AFNetworkingTestDemo/Info.plist;
				LD_RUNPATH_SEARCH_PATHS = "$(inherited) @executable_path/Frameworks";
				PRODUCT_NAME = "$(TARGET_NAME)";
			};
			name = Release;
		};
		1FC8F5FA1AF7E3FB00CA2AC0 /* Debug */ = {
			isa = XCBuildConfiguration;
			buildSettings = {
				BUNDLE_LOADER = "$(TEST_HOST)";
				FRAMEWORK_SEARCH_PATHS = (
					"$(SDKROOT)/Developer/Library/Frameworks",
					"$(inherited)",
				);
				GCC_PREPROCESSOR_DEFINITIONS = (
					"DEBUG=1",
					"$(inherited)",
				);
				INFOPLIST_FILE = AFNetworkingTestDemoTests/Info.plist;
				LD_RUNPATH_SEARCH_PATHS = "$(inherited) @executable_path/Frameworks @loader_path/Frameworks";
				PRODUCT_NAME = "$(TARGET_NAME)";
				TEST_HOST = "$(BUILT_PRODUCTS_DIR)/AFNetworkingTestDemo.app/AFNetworkingTestDemo";
			};
			name = Debug;
		};
		1FC8F5FB1AF7E3FB00CA2AC0 /* Release */ = {
			isa = XCBuildConfiguration;
			buildSettings = {
				BUNDLE_LOADER = "$(TEST_HOST)";
				FRAMEWORK_SEARCH_PATHS = (
					"$(SDKROOT)/Developer/Library/Frameworks",
					"$(inherited)",
				);
				INFOPLIST_FILE = AFNetworkingTestDemoTests/Info.plist;
				LD_RUNPATH_SEARCH_PATHS = "$(inherited) @executable_path/Frameworks @loader_path/Frameworks";
				PRODUCT_NAME = "$(TARGET_NAME)";
				TEST_HOST = "$(BUILT_PRODUCTS_DIR)/AFNetworkingTestDemo.app/AFNetworkingTestDemo";
			};
			name = Release;
		};
/* End XCBuildConfiguration section */

/* Begin XCConfigurationList section */
		1FC8F5CE1AF7E3FB00CA2AC0 /* Build configuration list for PBXProject "AFNetworkingTestDemo" */ = {
			isa = XCConfigurationList;
			buildConfigurations = (
				1FC8F5F41AF7E3FB00CA2AC0 /* Debug */,
				1FC8F5F51AF7E3FB00CA2AC0 /* Release */,
			);
			defaultConfigurationIsVisible = 0;
			defaultConfigurationName = Release;
		};
		1FC8F5F61AF7E3FB00CA2AC0 /* Build configuration list for PBXNativeTarget "AFNetworkingTestDemo" */ = {
			isa = XCConfigurationList;
			buildConfigurations = (
				1FC8F5F71AF7E3FB00CA2AC0 /* Debug */,
				1FC8F5F81AF7E3FB00CA2AC0 /* Release */,
			);
			defaultConfigurationIsVisible = 0;
			defaultConfigurationName = Release;
		};
		1FC8F5F91AF7E3FB00CA2AC0 /* Build configuration list for PBXNativeTarget "AFNetworkingTestDemoTests" */ = {
			isa = XCConfigurationList;
			buildConfigurations = (
				1FC8F5FA1AF7E3FB00CA2AC0 /* Debug */,
				1FC8F5FB1AF7E3FB00CA2AC0 /* Release */,
			);
			defaultConfigurationIsVisible = 0;
			defaultConfigurationName = Release;
		};
/* End XCConfigurationList section */
	};
	rootObject = 1FC8F5CB1AF7E3FB00CA2AC0 /* Project object */;
}
